
Microsoft Visual Studio Solution File, Format Version 11.00
# Visual Studio 2010
Project("{8BC9CEB8-8B4A-11D0-8D11-00A0C91BC942}") = "YeOpenNI2SimpleUsingOpenCV", "YeOpenNI2SimpleUsingOpenCV\YeOpenNI2SimpleUsingOpenCV.vcxproj", "{7DFC5F04-BDB8-4FA1-994B-8EAD5B9CA5EA}"
EndProject
Project("{8BC9CEB8-8B4A-11D0-8D11-00A0C91BC942}") = "YeNite2SimpleUsingOpenCV", "YeNite2SimpleUsingOpenCV\YeNite2SimpleUsingOpenCV.vcxproj", "{A72D21BF-9B5C-4AA6-9788-BEC100660440}"
EndProject
Project("{8BC9CEB8-8B4A-11D0-8D11-00A0C91BC942}") = "YeNITE2SimpleUsingOpenCV_Skeleton", "YeNITE2SimpleUsingOpenCV_Skeleton\YeNITE2SimpleUsingOpenCV_Skeleton.vcxproj", "{AFC2C4B7-1783-4498-AB10-BB623104EA6F}"
EndProject
Project("{8BC9CEB8-8B4A-11D0-8D11-00A0C91BC942}") = "YeHandTrackerUsingOpenCV", "YeHandTrackerUsingOpenCV\YeHandTrackerUsingOpenCV.vcxproj", "{49532071-2A1A-458A-8542-554D964049BD}"
EndProject
Global
	GlobalSection(SolutionConfigurationPlatforms) = preSolution
		Debug|Win32 = Debug|Win32
		Release|Win32 = Release|Win32
	EndGlobalSection
	GlobalSection(ProjectConfigurationPlatforms) = postSolution
		{7DFC5F04-BDB8-4FA1-994B-8EAD5B9CA5EA}.Debug|Win32.ActiveCfg = Debug|Win32
		{7DFC5F04-BDB8-4FA1-994B-8EAD5B9CA5EA}.Debug|Win32.Build.0 = Debug|Win32
		{7DFC5F04-BDB8-4FA1-994B-8EAD5B9CA5EA}.Release|Win32.ActiveCfg = Release|Win32
		{7DFC5F04-BDB8-4FA1-994B-8EAD5B9CA5EA}.Release|Win32.Build.0 = Release|Win32
		{A72D21BF-9B5C-4AA6-9788-BEC100660440}.Debug|Win32.ActiveCfg = Debug|Win32
		{A72D21BF-9B5C-4AA6-9788-BEC100660440}.Debug|Win32.Build.0 = Debug|Win32
		{A72D21BF-9B5C-4AA6-9788-BEC100660440}.Release|Win32.ActiveCfg = Release|Win32
		{A72D21BF-9B5C-4AA6-9788-BEC100660440}.Release|Win32.Build.0 = Release|Win32
		{AFC2C4B7-1783-4498-AB10-BB623104EA6F}.Debug|Win32.ActiveCfg = Debug|Win32
		{AFC2C4B7-1783-4498-AB10-BB623104EA6F}.Debug|Win32.Build.0 = Debug|Win32
		{AFC2C4B7-1783-4498-AB10-BB623104EA6F}.Release|Win32.ActiveCfg = Release|Win32
		{AFC2C4B7-1783-4498-AB10-BB623104EA6F}.Release|Win32.Build.0 = Release|Win32
		{49532071-2A1A-458A-8542-554D964049BD}.Debug|Win32.ActiveCfg = Debug|Win32
		{49532071-2A1A-458A-8542-554D964049BD}.Debug|Win32.Build.0 = Debug|Win32
		{49532071-2A1A-458A-8542-554D964049BD}.Release|Win32.ActiveCfg = Release|Win32
		{49532071-2A1A-458A-8542-554D964049BD}.Release|Win32.Build.0 = Release|Win32
	EndGlobalSection
	GlobalSection(SolutionProperties) = preSolution
		HideSolutionNode = FALSE
	EndGlobalSection
EndGlobal
